
Microsoft Visual Studio Solution File, Format Version 12.00
Project("{FAE04EC0-301F-11D3-BF4B-00C04F79EFBC}") = "TrashGrounds.User", "TrashGrounds.User\TrashGrounds.User.csproj", "{AB32BB52-50FD-4849-9928-D7039372AC13}"
EndProject
Project("{2150E333-8FDC-42A3-9474-1A3956D46DE8}") = "Docker", "Docker", "{832456CC-51F2-47D0-ABB2-FB0A730E2EBF}"
	ProjectSection(SolutionItems) = preProject
		Docker\docker-compose.yaml = Docker\docker-compose.yaml
	EndProjectSection
EndProject
Project("{FAE04EC0-301F-11D3-BF4B-00C04F79EFBC}") = "TrashGrounds.Track", "TrashGrounds.Track\TrashGrounds.Track.csproj", "{ED169671-2372-42B4-893B-30D1EC4771C0}"
EndProject
Project("{FAE04EC0-301F-11D3-BF4B-00C04F79EFBC}") = "TrashGrounds.Template", "TrashGrounds.Template\TrashGrounds.Template.csproj", "{90521C7D-987E-4E3F-9D01-89FA4282DC4A}"
EndProject
Project("{FAE04EC0-301F-11D3-BF4B-00C04F79EFBC}") = "TrashGrounds.Comment", "TrashGrounds.Comment\TrashGrounds.Comment.csproj", "{98823CBC-E4C4-4855-873D-C8EAE3D54095}"
EndProject
Global
	GlobalSection(SolutionConfigurationPlatforms) = preSolution
		Debug|Any CPU = Debug|Any CPU
		Release|Any CPU = Release|Any CPU
	EndGlobalSection
	GlobalSection(ProjectConfigurationPlatforms) = postSolution
		{AB32BB52-50FD-4849-9928-D7039372AC13}.Debug|Any CPU.ActiveCfg = Debug|Any CPU
		{AB32BB52-50FD-4849-9928-D7039372AC13}.Debug|Any CPU.Build.0 = Debug|Any CPU
		{AB32BB52-50FD-4849-9928-D7039372AC13}.Release|Any CPU.ActiveCfg = Release|Any CPU
		{AB32BB52-50FD-4849-9928-D7039372AC13}.Release|Any CPU.Build.0 = Release|Any CPU
		{ED169671-2372-42B4-893B-30D1EC4771C0}.Debug|Any CPU.ActiveCfg = Debug|Any CPU
		{ED169671-2372-42B4-893B-30D1EC4771C0}.Debug|Any CPU.Build.0 = Debug|Any CPU
		{ED169671-2372-42B4-893B-30D1EC4771C0}.Release|Any CPU.ActiveCfg = Release|Any CPU
		{ED169671-2372-42B4-893B-30D1EC4771C0}.Release|Any CPU.Build.0 = Release|Any CPU
		{90521C7D-987E-4E3F-9D01-89FA4282DC4A}.Debug|Any CPU.ActiveCfg = Debug|Any CPU
		{90521C7D-987E-4E3F-9D01-89FA4282DC4A}.Debug|Any CPU.Build.0 = Debug|Any CPU
		{90521C7D-987E-4E3F-9D01-89FA4282DC4A}.Release|Any CPU.ActiveCfg = Release|Any CPU
		{90521C7D-987E-4E3F-9D01-89FA4282DC4A}.Release|Any CPU.Build.0 = Release|Any CPU
		{98823CBC-E4C4-4855-873D-C8EAE3D54095}.Debug|Any CPU.ActiveCfg = Debug|Any CPU
		{98823CBC-E4C4-4855-873D-C8EAE3D54095}.Debug|Any CPU.Build.0 = Debug|Any CPU
		{98823CBC-E4C4-4855-873D-C8EAE3D54095}.Release|Any CPU.ActiveCfg = Release|Any CPU
		{98823CBC-E4C4-4855-873D-C8EAE3D54095}.Release|Any CPU.Build.0 = Release|Any CPU
	EndGlobalSection
EndGlobal
